Microsoft Visual Studio Solution File, Format Version 12.00
# Visual Studio Version 17
VisualStudioVersion = 17.5.2.0
MinimumVisualStudioVersion = 10.0.40219.1
Project("{FAE04EC0-301F-11D3-BF4B-00C04F79EFBC}") = "Vision_Master", "Vision_Master.csproj", "{3E904745-5DFE-2130-DD9C-60F2552D5764}"
EndProject
Global
	GlobalSection(SolutionConfigurationPlatforms) = preSolution
		Debug|Any CPU = Debug|Any CPU
		Release|Any CPU = Release|Any CPU
	EndGlobalSection
	GlobalSection(ProjectConfigurationPlatforms) = postSolution
		{3E904745-5DFE-2130-DD9C-60F2552D5764}.Debug|Any CPU.ActiveCfg = Debug|Any CPU
		{3E904745-5DFE-2130-DD9C-60F2552D5764}.Debug|Any CPU.Build.0 = Debug|Any CPU
		{3E904745-5DFE-2130-DD9C-60F2552D5764}.Release|Any CPU.ActiveCfg = Release|Any CPU
		{3E904745-5DFE-2130-DD9C-60F2552D5764}.Release|Any CPU.Build.0 = Release|Any CPU
	EndGlobalSection
	GlobalSection(SolutionProperties) = preSolution
		HideSolutionNode = FALSE
	EndGlobalSection
	GlobalSection(ExtensibilityGlobals) = postSolution
		SolutionGuid = {B26032FB-041C-41F7-810D-A4B330E85F66}
	EndGlobalSection
EndGlobal
